// !$*UTF8*$!
{
	archiveVersion = 1;
	classes = {
	};
	objectVersion = 50;
	objects = {

/* Begin PBXBuildFile section */
		0093E33E25BFA377000D70FD /* AppDelegate.swift in Sources */ = {isa = PBXBuildFile; fileRef = 0093E33D25BFA377000D70FD /* AppDelegate.swift */; };
		0093E34025BFA377000D70FD /* SceneDelegate.swift in Sources */ = {isa = PBXBuildFile; fileRef = 0093E33F25BFA377000D70FD /* SceneDelegate.swift */; };
		0093E34225BFA377000D70FD /* ContentView.swift in Sources */ = {isa = PBXBuildFile; fileRef = 0093E34125BFA377000D70FD /* ContentView.swift */; };
		0093E34425BFA37A000D70FD /* Assets.xcassets in Resources */ = {isa = PBXBuildFile; fileRef = 0093E34325BFA37A000D70FD /* Assets.xcassets */; };
		0093E34725BFA37A000D70FD /* Preview Assets.xcassets in Resources */ = {isa = PBXBuildFile; fileRef = 0093E34625BFA37A000D70FD /* Preview Assets.xcassets */; };
		0093E34A25BFA37A000D70FD /* LaunchScreen.storyboard in Resources */ = {isa = PBXBuildFile; fileRef = 0093E34825BFA37A000D70FD /* LaunchScreen.storyboard */; };
		0093E35525BFAA99000D70FD /* Item.swift in Sources */ = {isa = PBXBuildFile; fileRef = 0093E35425BFAA99000D70FD /* Item.swift */; };
		0093E35925BFAC14000D70FD /* CardView.swift in Sources */ = {isa = PBXBuildFile; fileRef = 0093E35825BFAC14000D70FD /* CardView.swift */; };
		0093E35C25BFAC21000D70FD /* Home.swift in Sources */ = {isa = PBXBuildFile; fileRef = 0093E35B25BFAC21000D70FD /* Home.swift */; };
		0093E35F25BFB1BB000D70FD /* CustomSearchNavigationView.swift in Sources */ = {isa = PBXBuildFile; fileRef = 0093E35E25BFB1BB000D70FD /* CustomSearchNavigationView.swift */; };
/* End PBXBuildFile section */

/* Begin PBXFileReference section */
		0093E33A25BFA377000D70FD /* NavgationSearchBar.app */ = {isa = PBXFileReference; explicitFileType = wrapper.application; includeInIndex = 0; path = NavgationSearchBar.app; sourceTree = BUILT_PRODUCTS_DIR; };
		0093E33D25BFA377000D70FD /* AppDelegate.swift */ = {isa = PBXFileReference; lastKnownFileType = sourcecode.swift; path = AppDelegate.swift; sourceTree = "<group>"; };
		0093E33F25BFA377000D70FD /* SceneDelegate.swift */ = {isa = PBXFileReference; lastKnownFileType = sourcecode.swift; path = SceneDelegate.swift; sourceTree = "<group>"; };
		0093E34125BFA377000D70FD /* ContentView.swift */ = {isa = PBXFileReference; lastKnownFileType = sourcecode.swift; path = ContentView.swift; sourceTree = "<group>"; };
		0093E34325BFA37A000D70FD /* Assets.xcassets */ = {isa = PBXFileReference; lastKnownFileType = folder.assetcatalog; path = Assets.xcassets; sourceTree = "<group>"; };
		0093E34625BFA37A000D70FD /* Preview Assets.xcassets */ = {isa = PBXFileReference; lastKnownFileType = folder.assetcatalog; path = "Preview Assets.xcassets"; sourceTree = "<group>"; };
		0093E34925BFA37A000D70FD /* Base */ = {isa = PBXFileReference; lastKnownFileType = file.storyboard; name = Base; path = Base.lproj/LaunchScreen.storyboard; sourceTree = "<group>"; };
		0093E34B25BFA37A000D70FD /* Info.plist */ = {isa = PBXFileReference; lastKnownFileType = text.plist.xml; path = Info.plist; sourceTree = "<group>"; };
		0093E35425BFAA99000D70FD /* Item.swift */ = {isa = PBXFileReference; lastKnownFileType = sourcecode.swift; path = Item.swift; sourceTree = "<group>"; };
		0093E35825BFAC14000D70FD /* CardView.swift */ = {isa = PBXFileReference; lastKnownFileType = sourcecode.swift; path = CardView.swift; sourceTree = "<group>"; };
		0093E35B25BFAC21000D70FD /* Home.swift */ = {isa = PBXFileReference; lastKnownFileType = sourcecode.swift; path = Home.swift; sourceTree = "<group>"; };
		0093E35E25BFB1BB000D70FD /* CustomSearchNavigationView.swift */ = {isa = PBXFileReference; lastKnownFileType = sourcecode.swift; path = CustomSearchNavigationView.swift; sourceTree = "<group>"; };
/* End PBXFileReference section */

/* Begin PBXFrameworksBuildPhase section */
		0093E33725BFA377000D70FD /* Frameworks */ = {
			isa = PBXFrameworksBuildPhase;
			buildActionMask = 2147483647;
			files = (
			);
			runOnlyForDeploymentPostprocessing = 0;
		};
/* End PBXFrameworksBuildPhase section */

/* Begin PBXGroup section */
		0093E33125BFA377000D70FD = {
			isa = PBXGroup;
			children = (
				0093E33C25BFA377000D70FD /* NavgationSearchBar */,
				0093E33B25BFA377000D70FD /* Products */,
			);
			sourceTree = "<group>";
		};
		0093E33B25BFA377000D70FD /* Products */ = {
			isa = PBXGroup;
			children = (
				0093E33A25BFA377000D70FD /* NavgationSearchBar.app */,
			);
			name = Products;
			sourceTree = "<group>";
		};
		0093E33C25BFA377000D70FD /* NavgationSearchBar */ = {
			isa = PBXGroup;
			children = (
				0093E35325BFA3A5000D70FD /* View */,
				0093E35225BFA390000D70FD /* Model */,
				0093E33D25BFA377000D70FD /* AppDelegate.swift */,
				0093E33F25BFA377000D70FD /* SceneDelegate.swift */,
				0093E34125BFA377000D70FD /* ContentView.swift */,
				0093E34325BFA37A000D70FD /* Assets.xcassets */,
				0093E34825BFA37A000D70FD /* LaunchScreen.storyboard */,
				0093E34B25BFA37A000D70FD /* Info.plist */,
				0093E34525BFA37A000D70FD /* Preview Content */,
			);
			path = NavgationSearchBar;
			sourceTree = "<group>";
		};
		0093E34525BFA37A000D70FD /* Preview Content */ = {
			isa = PBXGroup;
			children = (
				0093E34625BFA37A000D70FD /* Preview Assets.xcassets */,
			);
			path = "Preview Content";
			sourceTree = "<group>";
		};
		0093E35225BFA390000D70FD /* Model */ = {
			isa = PBXGroup;
			children = (
				0093E35425BFAA99000D70FD /* Item.swift */,
			);
			path = Model;
			sourceTree = "<group>";
		};
		0093E35325BFA3A5000D70FD /* View */ = {
			isa = PBXGroup;
			children = (
				0093E35825BFAC14000D70FD /* CardView.swift */,
				0093E35B25BFAC21000D70FD /* Home.swift */,
				0093E35E25BFB1BB000D70FD /* CustomSearchNavigationView.swift */,
			);
			path = View;
			sourceTree = "<group>";
		};
/* End PBXGroup section */

/* Begin PBXNativeTarget section */
		0093E33925BFA377000D70FD /* NavgationSearchBar */ = {
			isa = PBXNativeTarget;
			buildConfigurationList = 0093E34E25BFA37A000D70FD /* Build configuration list for PBXNativeTarget "NavgationSearchBar" */;
			buildPhases = (
				0093E33625BFA377000D70FD /* Sources */,
				0093E33725BFA377000D70FD /* Frameworks */,
				0093E33825BFA377000D70FD /* Resources */,
			);
			buildRules = (
			);
			dependencies = (
			);
			name = NavgationSearchBar;
			productName = NavgationSearchBar;
			productReference = 0093E33A25BFA377000D70FD /* NavgationSearchBar.app */;
			productType = "com.apple.product-type.application";
		};
/* End PBXNativeTarget section */

/* Begin PBXProject section */
		0093E33225BFA377000D70FD /* Project object */ = {
			isa = PBXProject;
			attributes = {
				LastSwiftUpdateCheck = 1230;
				LastUpgradeCheck = 1230;
				TargetAttributes = {
					0093E33925BFA377000D70FD = {
						CreatedOnToolsVersion = 12.3;
					};
				};
			};
			buildConfigurationList = 0093E33525BFA377000D70FD /* Build configuration list for PBXProject "NavgationSearchBar" */;
			compatibilityVersion = "Xcode 9.3";
			developmentRegion = en;
			hasScannedForEncodings = 0;
			knownRegions = (
				en,
				Base,
			);
			mainGroup = 0093E33125BFA377000D70FD;
			productRefGroup = 0093E33B25BFA377000D70FD /* Products */;
			projectDirPath = "";
			projectRoot = "";
			targets = (
				0093E33925BFA377000D70FD /* NavgationSearchBar */,
			);
		};
/* End PBXProject section */

/* Begin PBXResourcesBuildPhase section */
		0093E33825BFA377000D70FD /* Resources */ = {
			isa = PBXResourcesBuildPhase;
			buildActionMask = 2147483647;
			files = (
				0093E34A25BFA37A000D70FD /* LaunchScreen.storyboard in Resources */,
				0093E34725BFA37A000D70FD /* Preview Assets.xcassets in Resources */,
				0093E34425BFA37A000D70FD /* Assets.xcassets in Resources */,
			);
			runOnlyForDeploymentPostprocessing = 0;
		};
/* End PBXResourcesBuildPhase section */

/* Begin PBXSourcesBuildPhase section */
		0093E33625BFA377000D70FD /* Sources */ = {
			isa = PBXSourcesBuildPhase;
			buildActionMask = 2147483647;
			files = (
				0093E35525BFAA99000D70FD /* Item.swift in Sources */,
				0093E33E25BFA377000D70FD /* AppDelegate.swift in Sources */,
				0093E35F25BFB1BB000D70FD /* CustomSearchNavigationView.swift in Sources */,
				0093E34025BFA377000D70FD /* SceneDelegate.swift in Sources */,
				0093E34225BFA377000D70FD /* ContentView.swift in Sources */,
				0093E35C25BFAC21000D70FD /* Home.swift in Sources */,
				0093E35925BFAC14000D70FD /* CardView.swift in Sources */,
			);
			runOnlyForDeploymentPostprocessing = 0;
		};
/* End PBXSourcesBuildPhase section */

/* Begin PBXVariantGroup section */
		0093E34825BFA37A000D70FD /* LaunchScreen.storyboard */ = {
			isa = PBXVariantGroup;
			children = (
				0093E34925BFA37A000D70FD /* Base */,
			);
			name = LaunchScreen.storyboard;
			sourceTree = "<group>";
		};
/* End PBXVariantGroup section */

/* Begin XCBuildConfiguration section */
		0093E34C25BFA37A000D70FD /* Debug */ = {
			isa = XCBuildConfiguration;
			buildSettings = {
				ALWAYS_SEARCH_USER_PATHS = NO;
				CLANG_ANALYZER_NONNULL = YES;
				CLANG_ANALYZER_NUMBER_OBJECT_CONVERSION = YES_AGGRESSIVE;
				CLANG_CXX_LANGUAGE_STANDARD = "gnu++14";
				CLANG_CXX_LIBRARY = "libc++";
				CLANG_ENABLE_MODULES = YES;
				CLANG_ENABLE_OBJC_ARC = YES;
				CLANG_ENABLE_OBJC_WEAK = YES;
				CLANG_WARN_BLOCK_CAPTURE_AUTORELEASING = YES;
				CLANG_WARN_BOOL_CONVERSION = YES;
				CLANG_WARN_COMMA = YES;
				CLANG_WARN_CONSTANT_CONVERSION = YES;
				CLANG_WARN_DEPRECATED_OBJC_IMPLEMENTATIONS = YES;
				CLANG_WARN_DIRECT_OBJC_ISA_USAGE = YES_ERROR;
				CLANG_WARN_DOCUMENTATION_COMMENTS = YES;
				CLANG_WARN_EMPTY_BODY = YES;
				CLANG_WARN_ENUM_CONVERSION = YES;
				CLANG_WARN_INFINITE_RECURSION = YES;
				CLANG_WARN_INT_CONVERSION = YES;
				CLANG_WARN_NON_LITERAL_NULL_CONVERSION = YES;
				CLANG_WARN_OBJC_IMPLICIT_RETAIN_SELF = YES;
				CLANG_WARN_OBJC_LITERAL_CONVERSION = YES;
				CLANG_WARN_OBJC_ROOT_CLASS = YES_ERROR;
				CLANG_WARN_QUOTED_INCLUDE_IN_FRAMEWORK_HEADER = YES;
				CLANG_WARN_RANGE_LOOP_ANALYSIS = YES;
				CLANG_WARN_STRICT_PROTOTYPES = YES;
				CLANG_WARN_SUSPICIOUS_MOVE = YES;
				CLANG_WARN_UNGUARDED_AVAILABILITY = YES_AGGRESSIVE;
				CLANG_WARN_UNREACHABLE_CODE = YES;
				CLANG_WARN__DUPLICATE_METHOD_MATCH = YES;
				COPY_PHASE_STRIP = NO;
				DEBUG_INFORMATION_FORMAT = dwarf;
				ENABLE_STRICT_OBJC_MSGSEND = YES;
				ENABLE_TESTABILITY = YES;
				GCC_C_LANGUAGE_STANDARD = gnu11;
				GCC_DYNAMIC_NO_PIC = NO;
				GCC_NO_COMMON_BLOCKS = YES;
				GCC_OPTIMIZATION_LEVEL = 0;
				GCC_PREPROCESSOR_DEFINITIONS = (
					"DEBUG=1",
					"$(inherited)",
				);
				GCC_WARN_64_TO_32_BIT_CONVERSION = YES;
				GCC_WARN_ABOUT_RETURN_TYPE = YES_ERROR;
				GCC_WARN_UNDECLARED_SELECTOR = YES;
				GCC_WARN_UNINITIALIZED_AUTOS = YES_AGGRESSIVE;
				GCC_WARN_UNUSED_FUNCTION = YES;
				GCC_WARN_UNUSED_VARIABLE = YES;
				IPHONEOS_DEPLOYMENT_TARGET = 14.3;
				MTL_ENABLE_DEBUG_INFO = INCLUDE_SOURCE;
				MTL_FAST_MATH = YES;
				ONLY_ACTIVE_ARCH = YES;
				SDKROOT = iphoneos;
				SWIFT_ACTIVE_COMPILATION_CONDITIONS = DEBUG;
				SWIFT_OPTIMIZATION_LEVEL = "-Onone";
			};
			name = Debug;
		};
		0093E34D25BFA37A000D70FD /* Release */ = {
			isa = XCBuildConfiguration;
			buildSettings = {
				ALWAYS_SEARCH_USER_PATHS = NO;
				CLANG_ANALYZER_NONNULL = YES;
				CLANG_ANALYZER_NUMBER_OBJECT_CONVERSION = YES_AGGRESSIVE;
				CLANG_CXX_LANGUAGE_STANDARD = "gnu++14";
				CLANG_CXX_LIBRARY = "libc++";
				CLANG_ENABLE_MODULES = YES;
				CLANG_ENABLE_OBJC_ARC = YES;
				CLANG_ENABLE_OBJC_WEAK = YES;
				CLANG_WARN_BLOCK_CAPTURE_AUTORELEASING = YES;
				CLANG_WARN_BOOL_CONVERSION = YES;
				CLANG_WARN_COMMA = YES;
				CLANG_WARN_CONSTANT_CONVERSION = YES;
				CLANG_WARN_DEPRECATED_OBJC_IMPLEMENTATIONS = YES;
				CLANG_WARN_DIRECT_OBJC_ISA_USAGE = YES_ERROR;
				CLANG_WARN_DOCUMENTATION_COMMENTS = YES;
				CLANG_WARN_EMPTY_BODY = YES;
				CLANG_WARN_ENUM_CONVERSION = YES;
				CLANG_WARN_INFINITE_RECURSION = YES;
				CLANG_WARN_INT_CONVERSION = YES;
				CLANG_WARN_NON_LITERAL_NULL_CONVERSION = YES;
				CLANG_WARN_OBJC_IMPLICIT_RETAIN_SELF = YES;
				CLANG_WARN_OBJC_LITERAL_CONVERSION = YES;
				CLANG_WARN_OBJC_ROOT_CLASS = YES_ERROR;
				CLANG_WARN_QUOTED_INCLUDE_IN_FRAMEWORK_HEADER = YES;
				CLANG_WARN_RANGE_LOOP_ANALYSIS = YES;
				CLANG_WARN_STRICT_PROTOTYPES = YES;
				CLANG_WARN_SUSPICIOUS_MOVE = YES;
				CLANG_WARN_UNGUARDED_AVAILABILITY = YES_AGGRESSIVE;
				CLANG_WARN_UNREACHABLE_CODE = YES;
				CLANG_WARN__DUPLICATE_METHOD_MATCH = YES;
				COPY_PHASE_STRIP = NO;
				DEBUG_INFORMATION_FORMAT = "dwarf-with-dsym";
				ENABLE_NS_ASSERTIONS = NO;
				ENABLE_STRICT_OBJC_MSGSEND = YES;
				GCC_C_LANGUAGE_STANDARD = gnu11;
				GCC_NO_COMMON_BLOCKS = YES;
				GCC_WARN_64_TO_32_BIT_CONVERSION = YES;
				GCC_WARN_ABOUT_RETURN_TYPE = YES_ERROR;
				GCC_WARN_UNDECLARED_SELECTOR = YES;
				GCC_WARN_UNINITIALIZED_AUTOS = YES_AGGRESSIVE;
				GCC_WARN_UNUSED_FUNCTION = YES;
				GCC_WARN_UNUSED_VARIABLE = YES;
				IPHONEOS_DEPLOYMENT_TARGET = 14.3;
				MTL_ENABLE_DEBUG_INFO = NO;
				MTL_FAST_MATH = YES;
				SDKROOT = iphoneos;
				SWIFT_COMPILATION_MODE = wholemodule;
				SWIFT_OPTIMIZATION_LEVEL = "-O";
				VALIDATE_PRODUCT = YES;
			};
			name = Release;
		};
		0093E34F25BFA37A000D70FD /* Debug */ = {
			isa = XCBuildConfiguration;
			buildSettings = {
				ASSETCATALOG_COMPILER_APPICON_NAME = AppIcon;
				ASSETCATALOG_COMPILER_GLOBAL_ACCENT_COLOR_NAME = AccentColor;
				CODE_SIGN_STYLE = Automatic;
				DEVELOPMENT_ASSET_PATHS = "\"NavgationSearchBar/Preview Content\"";
				DEVELOPMENT_TEAM = BY3249U34V;
				ENABLE_PREVIEWS = YES;
				INFOPLIST_FILE = NavgationSearchBar/Info.plist;
				LD_RUNPATH_SEARCH_PATHS = (
					"$(inherited)",
					"@executable_path/Frameworks",
				);
				PRODUCT_BUNDLE_IDENTIFIER = zyf.NavgationSearchBar;
				PRODUCT_NAME = "$(TARGET_NAME)";
				SWIFT_VERSION = 5.0;
				TARGETED_DEVICE_FAMILY = "1,2";
			};
			name = Debug;
		};
		0093E35025BFA37A000D70FD /* Release */ = {
			isa = XCBuildConfiguration;
			buildSettings = {
				ASSETCATALOG_COMPILER_APPICON_NAME = AppIcon;
				ASSETCATALOG_COMPILER_GLOBAL_ACCENT_COLOR_NAME = AccentColor;
				CODE_SIGN_STYLE = Automatic;
				DEVELOPMENT_ASSET_PATHS = "\"NavgationSearchBar/Preview Content\"";
				DEVELOPMENT_TEAM = BY3249U34V;
				ENABLE_PREVIEWS = YES;
				INFOPLIST_FILE = NavgationSearchBar/Info.plist;
				LD_RUNPATH_SEARCH_PATHS = (
					"$(inherited)",
					"@executable_path/Frameworks",
				);
				PRODUCT_BUNDLE_IDENTIFIER = zyf.NavgationSearchBar;
				PRODUCT_NAME = "$(TARGET_NAME)";
				SWIFT_VERSION = 5.0;
				TARGETED_DEVICE_FAMILY = "1,2";
			};
			name = Release;
		};
/* End XCBuildConfiguration section */

/* Begin XCConfigurationList section */
		0093E33525BFA377000D70FD /* Build configuration list for PBXProject "NavgationSearchBar" */ = {
			isa = XCConfigurationList;
			buildConfigurations = (
				0093E34C25BFA37A000D70FD /* Debug */,
				0093E34D25BFA37A000D70FD /* Release */,
			);
			defaultConfigurationIsVisible = 0;
			defaultConfigurationName = Release;
		};
		0093E34E25BFA37A000D70FD /* Build configuration list for PBXNativeTarget "NavgationSearchBar" */ = {
			isa = XCConfigurationList;
			buildConfigurations = (
				0093E34F25BFA37A000D70FD /* Debug */,
				0093E35025BFA37A000D70FD /* Release */,
			);
			defaultConfigurationIsVisible = 0;
			defaultConfigurationName = Release;
		};
/* End XCConfigurationList section */
	};
	rootObject = 0093E33225BFA377000D70FD /* Project object */;
}
